
Microsoft Visual Studio Solution File, Format Version 12.00
# Visual Studio Version 17
VisualStudioVersion = 17.2.32630.192
MinimumVisualStudioVersion = 10.0.40219.1
Project("{FAE04EC0-301F-11D3-BF4B-00C04F79EFBC}") = "ColorMemoryGame", "ColorMemoryGame\ColorMemoryGame.csproj", "{22139B03-B3DD-469B-84AC-5D531A5D7F33}"
EndProject
Project("{FAE04EC0-301F-11D3-BF4B-00C04F79EFBC}") = "MineSweeper", "MineSweeper\MineSweeper.csproj", "{3BCB9584-E247-4CC3-9B5E-3B341FA1D3FF}"
EndProject
Project("{FAE04EC0-301F-11D3-BF4B-00C04F79EFBC}") = "Common", "Common\Common.csproj", "{37F6A30D-A4C1-443B-AAFF-284EFE2AE9D0}"
EndProject
Project("{FAE04EC0-301F-11D3-BF4B-00C04F79EFBC}") = "Damas", "Damas\Damas.csproj", "{8BC0DF3C-CCF2-4485-8141-FA3C2C921CF8}"
EndProject
Global
	GlobalSection(SolutionConfigurationPlatforms) = preSolution
		Debug|Any CPU = Debug|Any CPU
		Release|Any CPU = Release|Any CPU
	EndGlobalSection
	GlobalSection(ProjectConfigurationPlatforms) = postSolution
		{22139B03-B3DD-469B-84AC-5D531A5D7F33}.Debug|Any CPU.ActiveCfg = Debug|Any CPU
		{22139B03-B3DD-469B-84AC-5D531A5D7F33}.Debug|Any CPU.Build.0 = Debug|Any CPU
		{22139B03-B3DD-469B-84AC-5D531A5D7F33}.Release|Any CPU.ActiveCfg = Release|Any CPU
		{22139B03-B3DD-469B-84AC-5D531A5D7F33}.Release|Any CPU.Build.0 = Release|Any CPU
		{3BCB9584-E247-4CC3-9B5E-3B341FA1D3FF}.Debug|Any CPU.ActiveCfg = Debug|Any CPU
		{3BCB9584-E247-4CC3-9B5E-3B341FA1D3FF}.Debug|Any CPU.Build.0 = Debug|Any CPU
		{3BCB9584-E247-4CC3-9B5E-3B341FA1D3FF}.Release|Any CPU.ActiveCfg = Release|Any CPU
		{3BCB9584-E247-4CC3-9B5E-3B341FA1D3FF}.Release|Any CPU.Build.0 = Release|Any CPU
		{37F6A30D-A4C1-443B-AAFF-284EFE2AE9D0}.Debug|Any CPU.ActiveCfg = Debug|Any CPU
		{37F6A30D-A4C1-443B-AAFF-284EFE2AE9D0}.Debug|Any CPU.Build.0 = Debug|Any CPU
		{37F6A30D-A4C1-443B-AAFF-284EFE2AE9D0}.Release|Any CPU.ActiveCfg = Release|Any CPU
		{37F6A30D-A4C1-443B-AAFF-284EFE2AE9D0}.Release|Any CPU.Build.0 = Release|Any CPU
		{8BC0DF3C-CCF2-4485-8141-FA3C2C921CF8}.Debug|Any CPU.ActiveCfg = Debug|Any CPU
		{8BC0DF3C-CCF2-4485-8141-FA3C2C921CF8}.Debug|Any CPU.Build.0 = Debug|Any CPU
		{8BC0DF3C-CCF2-4485-8141-FA3C2C921CF8}.Release|Any CPU.ActiveCfg = Release|Any CPU
		{8BC0DF3C-CCF2-4485-8141-FA3C2C921CF8}.Release|Any CPU.Build.0 = Release|Any CPU
	EndGlobalSection
	GlobalSection(SolutionProperties) = preSolution
		HideSolutionNode = FALSE
	EndGlobalSection
	GlobalSection(ExtensibilityGlobals) = postSolution
		SolutionGuid = {72B25593-E2ED-4E99-97E8-0B86B0EE555D}
	EndGlobalSection
EndGlobal
